
Microsoft Visual Studio Solution File, Format Version 12.00
# Visual Studio 2013
VisualStudioVersion = 12.0.40629.0
MinimumVisualStudioVersion = 10.0.40219.1
Project("{FAE04EC0-301F-11D3-BF4B-00C04F79EFBC}") = "ProbabilityTheory", "ProbabilityTheory\ProbabilityTheory.csproj", "{9ED14449-B218-4641-B0A1-71CE883517B4}"
EndProject
Project("{FAE04EC0-301F-11D3-BF4B-00C04F79EFBC}") = "TestApp", "TestApp\TestApp.csproj", "{83CEF7EA-ABC0-4559-8E1E-161E70A118F7}"
EndProject
Global
	GlobalSection(SolutionConfigurationPlatforms) = preSolution
		Debug|Any CPU = Debug|Any CPU
		Release|Any CPU = Release|Any CPU
	EndGlobalSection
	GlobalSection(ProjectConfigurationPlatforms) = postSolution
		{9ED14449-B218-4641-B0A1-71CE883517B4}.Debug|Any CPU.ActiveCfg = Debug|Any CPU
		{9ED14449-B218-4641-B0A1-71CE883517B4}.Debug|Any CPU.Build.0 = Debug|Any CPU
		{9ED14449-B218-4641-B0A1-71CE883517B4}.Release|Any CPU.ActiveCfg = Release|Any CPU
		{9ED14449-B218-4641-B0A1-71CE883517B4}.Release|Any CPU.Build.0 = Release|Any CPU
		{83CEF7EA-ABC0-4559-8E1E-161E70A118F7}.Debug|Any CPU.ActiveCfg = Debug|Any CPU
		{83CEF7EA-ABC0-4559-8E1E-161E70A118F7}.Debug|Any CPU.Build.0 = Debug|Any CPU
		{83CEF7EA-ABC0-4559-8E1E-161E70A118F7}.Release|Any CPU.ActiveCfg = Release|Any CPU
		{83CEF7EA-ABC0-4559-8E1E-161E70A118F7}.Release|Any CPU.Build.0 = Release|Any CPU
	EndGlobalSection
	GlobalSection(SolutionProperties) = preSolution
		HideSolutionNode = FALSE
	EndGlobalSection
EndGlobal
